// !$*UTF8*$!
{
	archiveVersion = 1;
	classes = {
	};
	objectVersion = 56;
	objects = {

/* Begin PBXBuildFile section */
		CF1038EB2A99EF3A004E4A91 /* AppDelegate.swift in Sources */ = {isa = PBXBuildFile; fileRef = CF1038EA2A99EF3A004E4A91 /* AppDelegate.swift */; };
		CF1038ED2A99EF3A004E4A91 /* SceneDelegate.swift in Sources */ = {isa = PBXBuildFile; fileRef = CF1038EC2A99EF3A004E4A91 /* SceneDelegate.swift */; };
		CF1038F72A99EF3C004E4A91 /* Assets.xcassets in Resources */ = {isa = PBXBuildFile; fileRef = CF1038F62A99EF3C004E4A91 /* Assets.xcassets */; };
		CF1038FA2A99EF3C004E4A91 /* LaunchScreen.storyboard in Resources */ = {isa = PBXBuildFile; fileRef = CF1038F82A99EF3C004E4A91 /* LaunchScreen.storyboard */; };
		CF10393E2A9B4CD6004E4A91 /* AppCoordinator.swift in Sources */ = {isa = PBXBuildFile; fileRef = CF10393D2A9B4CD6004E4A91 /* AppCoordinator.swift */; };
		CF85A05C2A9BD36B00D9D73B /* day_clearSky.json in Resources */ = {isa = PBXBuildFile; fileRef = CF85A04A2A9BD36A00D9D73B /* day_clearSky.json */; };
		CF85A05D2A9BD36B00D9D73B /* night_mist.json in Resources */ = {isa = PBXBuildFile; fileRef = CF85A04B2A9BD36A00D9D73B /* night_mist.json */; };
		CF85A05E2A9BD36B00D9D73B /* day_snow.json in Resources */ = {isa = PBXBuildFile; fileRef = CF85A04C2A9BD36A00D9D73B /* day_snow.json */; };
		CF85A05F2A9BD36B00D9D73B /* night_showerRains.json in Resources */ = {isa = PBXBuildFile; fileRef = CF85A04D2A9BD36A00D9D73B /* night_showerRains.json */; };
		CF85A0602A9BD36B00D9D73B /* night_snow.json in Resources */ = {isa = PBXBuildFile; fileRef = CF85A04E2A9BD36A00D9D73B /* night_snow.json */; };
		CF85A0612A9BD36B00D9D73B /* night_scatteredClouds.json in Resources */ = {isa = PBXBuildFile; fileRef = CF85A04F2A9BD36A00D9D73B /* night_scatteredClouds.json */; };
		CF85A0622A9BD36B00D9D73B /* night_brokenClouds.json in Resources */ = {isa = PBXBuildFile; fileRef = CF85A0502A9BD36A00D9D73B /* night_brokenClouds.json */; };
		CF85A0632A9BD36B00D9D73B /* day_fewClouds.json in Resources */ = {isa = PBXBuildFile; fileRef = CF85A0512A9BD36A00D9D73B /* day_fewClouds.json */; };
		CF85A0642A9BD36B00D9D73B /* day_showerRains.json in Resources */ = {isa = PBXBuildFile; fileRef = CF85A0522A9BD36B00D9D73B /* day_showerRains.json */; };
		CF85A0652A9BD36B00D9D73B /* day_scatteredClouds.json in Resources */ = {isa = PBXBuildFile; fileRef = CF85A0532A9BD36B00D9D73B /* day_scatteredClouds.json */; };
		CF85A0662A9BD36B00D9D73B /* night_fewClouds.json in Resources */ = {isa = PBXBuildFile; fileRef = CF85A0542A9BD36B00D9D73B /* night_fewClouds.json */; };
		CF85A0672A9BD36B00D9D73B /* day_brokenClouds.json in Resources */ = {isa = PBXBuildFile; fileRef = CF85A0552A9BD36B00D9D73B /* day_brokenClouds.json */; };
		CF85A0682A9BD36B00D9D73B /* night_clearSky.json in Resources */ = {isa = PBXBuildFile; fileRef = CF85A0562A9BD36B00D9D73B /* night_clearSky.json */; };
		CF85A0692A9BD36B00D9D73B /* night_thunderstorm.json in Resources */ = {isa = PBXBuildFile; fileRef = CF85A0572A9BD36B00D9D73B /* night_thunderstorm.json */; };
		CF85A06A2A9BD36B00D9D73B /* day_mist.json in Resources */ = {isa = PBXBuildFile; fileRef = CF85A0582A9BD36B00D9D73B /* day_mist.json */; };
		CF85A06B2A9BD36B00D9D73B /* night_rain.json in Resources */ = {isa = PBXBuildFile; fileRef = CF85A0592A9BD36B00D9D73B /* night_rain.json */; };
		CF85A06C2A9BD36B00D9D73B /* day_thunderstorm.json in Resources */ = {isa = PBXBuildFile; fileRef = CF85A05A2A9BD36B00D9D73B /* day_thunderstorm.json */; };
		CF85A06D2A9BD36B00D9D73B /* day_rain.json in Resources */ = {isa = PBXBuildFile; fileRef = CF85A05B2A9BD36B00D9D73B /* day_rain.json */; };
		CFBB007F2A9C32880085540E /* Forecast in Frameworks */ = {isa = PBXBuildFile; productRef = CFBB007E2A9C32880085540E /* Forecast */; };
/* End PBXBuildFile section */

/* Begin PBXFileReference section */
		CF1038E72A99EF3A004E4A91 /* Zeus.app */ = {isa = PBXFileReference; explicitFileType = wrapper.application; includeInIndex = 0; name = Zeus.app; path = "/Users/paulmatar/Desktop/Zeus/build/Debug-iphoneos/Zeus.app"; sourceTree = "<absolute>"; };
		CF1038EA2A99EF3A004E4A91 /* AppDelegate.swift */ = {isa = PBXFileReference; lastKnownFileType = sourcecode.swift; path = AppDelegate.swift; sourceTree = "<group>"; };
		CF1038EC2A99EF3A004E4A91 /* SceneDelegate.swift */ = {isa = PBXFileReference; lastKnownFileType = sourcecode.swift; path = SceneDelegate.swift; sourceTree = "<group>"; };
		CF1038F62A99EF3C004E4A91 /* Assets.xcassets */ = {isa = PBXFileReference; lastKnownFileType = folder.assetcatalog; path = Assets.xcassets; sourceTree = "<group>"; };
		CF1038F92A99EF3C004E4A91 /* Base */ = {isa = PBXFileReference; lastKnownFileType = file.storyboard; name = Base; path = Base.lproj/LaunchScreen.storyboard; sourceTree = "<group>"; };
		CF1038FB2A99EF3C004E4A91 /* Info.plist */ = {isa = PBXFileReference; lastKnownFileType = text.plist.xml; path = Info.plist; sourceTree = "<group>"; };
		CF1039292A99FF3E004E4A91 /* Config.xcconfig */ = {isa = PBXFileReference; lastKnownFileType = text.xcconfig; path = Config.xcconfig; sourceTree = "<group>"; };
		CF10393D2A9B4CD6004E4A91 /* AppCoordinator.swift */ = {isa = PBXFileReference; lastKnownFileType = sourcecode.swift; path = AppCoordinator.swift; sourceTree = "<group>"; };
		CF85A04A2A9BD36A00D9D73B /* day_clearSky.json */ = {isa = PBXFileReference; fileEncoding = 4; lastKnownFileType = text.json; path = day_clearSky.json; sourceTree = "<group>"; };
		CF85A04B2A9BD36A00D9D73B /* night_mist.json */ = {isa = PBXFileReference; fileEncoding = 4; lastKnownFileType = text.json; path = night_mist.json; sourceTree = "<group>"; };
		CF85A04C2A9BD36A00D9D73B /* day_snow.json */ = {isa = PBXFileReference; fileEncoding = 4; lastKnownFileType = text.json; path = day_snow.json; sourceTree = "<group>"; };
		CF85A04D2A9BD36A00D9D73B /* night_showerRains.json */ = {isa = PBXFileReference; fileEncoding = 4; lastKnownFileType = text.json; path = night_showerRains.json; sourceTree = "<group>"; };
		CF85A04E2A9BD36A00D9D73B /* night_snow.json */ = {isa = PBXFileReference; fileEncoding = 4; lastKnownFileType = text.json; path = night_snow.json; sourceTree = "<group>"; };
		CF85A04F2A9BD36A00D9D73B /* night_scatteredClouds.json */ = {isa = PBXFileReference; fileEncoding = 4; lastKnownFileType = text.json; path = night_scatteredClouds.json; sourceTree = "<group>"; };
		CF85A0502A9BD36A00D9D73B /* night_brokenClouds.json */ = {isa = PBXFileReference; fileEncoding = 4; lastKnownFileType = text.json; path = night_brokenClouds.json; sourceTree = "<group>"; };
		CF85A0512A9BD36A00D9D73B /* day_fewClouds.json */ = {isa = PBXFileReference; fileEncoding = 4; lastKnownFileType = text.json; path = day_fewClouds.json; sourceTree = "<group>"; };
		CF85A0522A9BD36B00D9D73B /* day_showerRains.json */ = {isa = PBXFileReference; fileEncoding = 4; lastKnownFileType = text.json; path = day_showerRains.json; sourceTree = "<group>"; };
		CF85A0532A9BD36B00D9D73B /* day_scatteredClouds.json */ = {isa = PBXFileReference; fileEncoding = 4; lastKnownFileType = text.json; path = day_scatteredClouds.json; sourceTree = "<group>"; };
		CF85A0542A9BD36B00D9D73B /* night_fewClouds.json */ = {isa = PBXFileReference; fileEncoding = 4; lastKnownFileType = text.json; path = night_fewClouds.json; sourceTree = "<group>"; };
		CF85A0552A9BD36B00D9D73B /* day_brokenClouds.json */ = {isa = PBXFileReference; fileEncoding = 4; lastKnownFileType = text.json; path = day_brokenClouds.json; sourceTree = "<group>"; };
		CF85A0562A9BD36B00D9D73B /* night_clearSky.json */ = {isa = PBXFileReference; fileEncoding = 4; lastKnownFileType = text.json; path = night_clearSky.json; sourceTree = "<group>"; };
		CF85A0572A9BD36B00D9D73B /* night_thunderstorm.json */ = {isa = PBXFileReference; fileEncoding = 4; lastKnownFileType = text.json; path = night_thunderstorm.json; sourceTree = "<group>"; };
		CF85A0582A9BD36B00D9D73B /* day_mist.json */ = {isa = PBXFileReference; fileEncoding = 4; lastKnownFileType = text.json; path = day_mist.json; sourceTree = "<group>"; };
		CF85A0592A9BD36B00D9D73B /* night_rain.json */ = {isa = PBXFileReference; fileEncoding = 4; lastKnownFileType = text.json; path = night_rain.json; sourceTree = "<group>"; };
		CF85A05A2A9BD36B00D9D73B /* day_thunderstorm.json */ = {isa = PBXFileReference; fileEncoding = 4; lastKnownFileType = text.json; path = day_thunderstorm.json; sourceTree = "<group>"; };
		CF85A05B2A9BD36B00D9D73B /* day_rain.json */ = {isa = PBXFileReference; fileEncoding = 4; lastKnownFileType = text.json; path = day_rain.json; sourceTree = "<group>"; };
		CF85A0902A9C194E00D9D73B /* ru */ = {isa = PBXFileReference; lastKnownFileType = text.plist.strings; name = ru; path = ru.lproj/LaunchScreen.strings; sourceTree = "<group>"; };
		CF85A0972A9C287600D9D73B /* Network */ = {isa = PBXFileReference; lastKnownFileType = wrapper; path = Network; sourceTree = "<group>"; };
		CF85A0982A9C290400D9D73B /* Core */ = {isa = PBXFileReference; lastKnownFileType = wrapper; path = Core; sourceTree = "<group>"; };
		CF85A0992A9C295000D9D73B /* Design */ = {isa = PBXFileReference; lastKnownFileType = wrapper; path = Design; sourceTree = "<group>"; };
		CF85A0A12A9C29D900D9D73B /* Forecast */ = {isa = PBXFileReference; lastKnownFileType = wrapper; path = Forecast; sourceTree = "<group>"; };
/* End PBXFileReference section */

/* Begin PBXFrameworksBuildPhase section */
		CF1038E42A99EF3A004E4A91 /* Frameworks */ = {
			isa = PBXFrameworksBuildPhase;
			buildActionMask = 2147483647;
			files = (
				CFBB007F2A9C32880085540E /* Forecast in Frameworks */,
			);
			runOnlyForDeploymentPostprocessing = 0;
		};
/* End PBXFrameworksBuildPhase section */

/* Begin PBXGroup section */
		CF1038DE2A99EF3A004E4A91 = {
			isa = PBXGroup;
			children = (
				CF85A0A12A9C29D900D9D73B /* Forecast */,
				CF85A0992A9C295000D9D73B /* Design */,
				CF85A0982A9C290400D9D73B /* Core */,
				CF85A0972A9C287600D9D73B /* Network */,
				CF1038E92A99EF3A004E4A91 /* Zeus */,
			);
			sourceTree = "<group>";
		};
		CF1038E92A99EF3A004E4A91 /* Zeus */ = {
			isa = PBXGroup;
			children = (
				CF1039092A99FB8F004E4A91 /* Supporting Files */,
				CF10390A2A99FC44004E4A91 /* Resources */,
				CF1038FB2A99EF3C004E4A91 /* Info.plist */,
				CF1039292A99FF3E004E4A91 /* Config.xcconfig */,
			);
			path = Zeus;
			sourceTree = "<group>";
		};
		CF1039092A99FB8F004E4A91 /* Supporting Files */ = {
			isa = PBXGroup;
			children = (
				CF1038EA2A99EF3A004E4A91 /* AppDelegate.swift */,
				CF1038EC2A99EF3A004E4A91 /* SceneDelegate.swift */,
				CF1038F82A99EF3C004E4A91 /* LaunchScreen.storyboard */,
				CF10393D2A9B4CD6004E4A91 /* AppCoordinator.swift */,
			);
			path = "Supporting Files";
			sourceTree = "<group>";
		};
		CF10390A2A99FC44004E4A91 /* Resources */ = {
			isa = PBXGroup;
			children = (
				CF85A0492A9BD34400D9D73B /* Animations */,
				CF1038F62A99EF3C004E4A91 /* Assets.xcassets */,
			);
			path = Resources;
			sourceTree = "<group>";
		};
		CF85A0492A9BD34400D9D73B /* Animations */ = {
			isa = PBXGroup;
			children = (
				CF85A0552A9BD36B00D9D73B /* day_brokenClouds.json */,
				CF85A04A2A9BD36A00D9D73B /* day_clearSky.json */,
				CF85A0512A9BD36A00D9D73B /* day_fewClouds.json */,
				CF85A0582A9BD36B00D9D73B /* day_mist.json */,
				CF85A05B2A9BD36B00D9D73B /* day_rain.json */,
				CF85A0532A9BD36B00D9D73B /* day_scatteredClouds.json */,
				CF85A0522A9BD36B00D9D73B /* day_showerRains.json */,
				CF85A04C2A9BD36A00D9D73B /* day_snow.json */,
				CF85A05A2A9BD36B00D9D73B /* day_thunderstorm.json */,
				CF85A0502A9BD36A00D9D73B /* night_brokenClouds.json */,
				CF85A0562A9BD36B00D9D73B /* night_clearSky.json */,
				CF85A0542A9BD36B00D9D73B /* night_fewClouds.json */,
				CF85A04B2A9BD36A00D9D73B /* night_mist.json */,
				CF85A0592A9BD36B00D9D73B /* night_rain.json */,
				CF85A04F2A9BD36A00D9D73B /* night_scatteredClouds.json */,
				CF85A04D2A9BD36A00D9D73B /* night_showerRains.json */,
				CF85A04E2A9BD36A00D9D73B /* night_snow.json */,
				CF85A0572A9BD36B00D9D73B /* night_thunderstorm.json */,
			);
			path = Animations;
			sourceTree = "<group>";
		};
/* End PBXGroup section */

/* Begin PBXNativeTarget section */
		CF1038E62A99EF3A004E4A91 /* Zeus */ = {
			isa = PBXNativeTarget;
			buildConfigurationList = CF1038FE2A99EF3C004E4A91 /* Build configuration list for PBXNativeTarget "Zeus" */;
			buildPhases = (
				CF1038E32A99EF3A004E4A91 /* Sources */,
				CF1038E42A99EF3A004E4A91 /* Frameworks */,
				CF1038E52A99EF3A004E4A91 /* Resources */,
			);
			buildRules = (
			);
			dependencies = (
			);
			name = Zeus;
			packageProductDependencies = (
				CFBB007E2A9C32880085540E /* Forecast */,
			);
			productName = Zeus;
			productReference = CF1038E72A99EF3A004E4A91 /* Zeus.app */;
			productType = "com.apple.product-type.application";
		};
/* End PBXNativeTarget section */

/* Begin PBXProject section */
		CF1038DF2A99EF3A004E4A91 /* Project object */ = {
			isa = PBXProject;
			attributes = {
				BuildIndependentTargetsInParallel = 1;
				LastSwiftUpdateCheck = 1430;
				LastUpgradeCheck = 1430;
				TargetAttributes = {
					CF1038E62A99EF3A004E4A91 = {
						CreatedOnToolsVersion = 14.3.1;
					};
				};
			};
			buildConfigurationList = CF1038E22A99EF3A004E4A91 /* Build configuration list for PBXProject "Zeus" */;
			compatibilityVersion = "Xcode 14.0";
			developmentRegion = en;
			hasScannedForEncodings = 0;
			knownRegions = (
				en,
				Base,
				ru,
			);
			mainGroup = CF1038DE2A99EF3A004E4A91;
			packageReferences = (
				CF1039062A99FAEC004E4A91 /* XCRemoteSwiftPackageReference "lottie-spm" */,
				CF85A0772A9C00CD00D9D73B /* XCRemoteSwiftPackageReference "realm-swift" */,
			);
			productRefGroup = CF1038DE2A99EF3A004E4A91;
			projectDirPath = "";
			projectRoot = "";
			targets = (
				CF1038E62A99EF3A004E4A91 /* Zeus */,
			);
		};
/* End PBXProject section */

/* Begin PBXResourcesBuildPhase section */
		CF1038E52A99EF3A004E4A91 /* Resources */ = {
			isa = PBXResourcesBuildPhase;
			buildActionMask = 2147483647;
			files = (
				CF85A05C2A9BD36B00D9D73B /* day_clearSky.json in Resources */,
				CF85A0652A9BD36B00D9D73B /* day_scatteredClouds.json in Resources */,
				CF85A06B2A9BD36B00D9D73B /* night_rain.json in Resources */,
				CF85A0682A9BD36B00D9D73B /* night_clearSky.json in Resources */,
				CF85A0622A9BD36B00D9D73B /* night_brokenClouds.json in Resources */,
				CF85A0642A9BD36B00D9D73B /* day_showerRains.json in Resources */,
				CF85A05D2A9BD36B00D9D73B /* night_mist.json in Resources */,
				CF1038FA2A99EF3C004E4A91 /* LaunchScreen.storyboard in Resources */,
				CF85A0612A9BD36B00D9D73B /* night_scatteredClouds.json in Resources */,
				CF85A05F2A9BD36B00D9D73B /* night_showerRains.json in Resources */,
				CF1038F72A99EF3C004E4A91 /* Assets.xcassets in Resources */,
				CF85A05E2A9BD36B00D9D73B /* day_snow.json in Resources */,
				CF85A0662A9BD36B00D9D73B /* night_fewClouds.json in Resources */,
				CF85A06D2A9BD36B00D9D73B /* day_rain.json in Resources */,
				CF85A06A2A9BD36B00D9D73B /* day_mist.json in Resources */,
				CF85A0632A9BD36B00D9D73B /* day_fewClouds.json in Resources */,
				CF85A0672A9BD36B00D9D73B /* day_brokenClouds.json in Resources */,
				CF85A06C2A9BD36B00D9D73B /* day_thunderstorm.json in Resources */,
				CF85A0602A9BD36B00D9D73B /* night_snow.json in Resources */,
				CF85A0692A9BD36B00D9D73B /* night_thunderstorm.json in Resources */,
			);
			runOnlyForDeploymentPostprocessing = 0;
		};
/* End PBXResourcesBuildPhase section */

/* Begin PBXSourcesBuildPhase section */
		CF1038E32A99EF3A004E4A91 /* Sources */ = {
			isa = PBXSourcesBuildPhase;
			buildActionMask = 2147483647;
			files = (
				CF10393E2A9B4CD6004E4A91 /* AppCoordinator.swift in Sources */,
				CF1038EB2A99EF3A004E4A91 /* AppDelegate.swift in Sources */,
				CF1038ED2A99EF3A004E4A91 /* SceneDelegate.swift in Sources */,
			);
			runOnlyForDeploymentPostprocessing = 0;
		};
/* End PBXSourcesBuildPhase section */

/* Begin PBXVariantGroup section */
		CF1038F82A99EF3C004E4A91 /* LaunchScreen.storyboard */ = {
			isa = PBXVariantGroup;
			children = (
				CF1038F92A99EF3C004E4A91 /* Base */,
				CF85A0902A9C194E00D9D73B /* ru */,
			);
			name = LaunchScreen.storyboard;
			sourceTree = "<group>";
		};
/* End PBXVariantGroup section */

/* Begin XCBuildConfiguration section */
		CF1038FC2A99EF3C004E4A91 /* Debug */ = {
			isa = XCBuildConfiguration;
			baseConfigurationReference = CF1039292A99FF3E004E4A91 /* Config.xcconfig */;
			buildSettings = {
				ALWAYS_SEARCH_USER_PATHS = NO;
				CLANG_ANALYZER_LOCALIZABILITY_NONLOCALIZED = YES;
				CLANG_ANALYZER_NONNULL = YES;
				CLANG_ANALYZER_NUMBER_OBJECT_CONVERSION = YES_AGGRESSIVE;
				CLANG_CXX_LANGUAGE_STANDARD = "gnu++20";
				CLANG_ENABLE_MODULES = YES;
				CLANG_ENABLE_OBJC_ARC = YES;
				CLANG_ENABLE_OBJC_WEAK = YES;
				CLANG_WARN_BLOCK_CAPTURE_AUTORELEASING = YES;
				CLANG_WARN_BOOL_CONVERSION = YES;
				CLANG_WARN_COMMA = YES;
				CLANG_WARN_CONSTANT_CONVERSION = YES;
				CLANG_WARN_DEPRECATED_OBJC_IMPLEMENTATIONS = YES;
				CLANG_WARN_DIRECT_OBJC_ISA_USAGE = YES_ERROR;
				CLANG_WARN_DOCUMENTATION_COMMENTS = YES;
				CLANG_WARN_EMPTY_BODY = YES;
				CLANG_WARN_ENUM_CONVERSION = YES;
				CLANG_WARN_INFINITE_RECURSION = YES;
				CLANG_WARN_INT_CONVERSION = YES;
				CLANG_WARN_NON_LITERAL_NULL_CONVERSION = YES;
				CLANG_WARN_OBJC_IMPLICIT_RETAIN_SELF = YES;
				CLANG_WARN_OBJC_LITERAL_CONVERSION = YES;
				CLANG_WARN_OBJC_ROOT_CLASS = YES_ERROR;
				CLANG_WARN_QUOTED_INCLUDE_IN_FRAMEWORK_HEADER = YES;
				CLANG_WARN_RANGE_LOOP_ANALYSIS = YES;
				CLANG_WARN_STRICT_PROTOTYPES = YES;
				CLANG_WARN_SUSPICIOUS_MOVE = YES;
				CLANG_WARN_UNGUARDED_AVAILABILITY = YES_AGGRESSIVE;
				CLANG_WARN_UNREACHABLE_CODE = YES;
				CLANG_WARN__DUPLICATE_METHOD_MATCH = YES;
				COPY_PHASE_STRIP = NO;
				DEBUG_INFORMATION_FORMAT = dwarf;
				ENABLE_STRICT_OBJC_MSGSEND = YES;
				ENABLE_TESTABILITY = YES;
				GCC_C_LANGUAGE_STANDARD = gnu11;
				GCC_DYNAMIC_NO_PIC = NO;
				GCC_NO_COMMON_BLOCKS = YES;
				GCC_OPTIMIZATION_LEVEL = 0;
				GCC_PREPROCESSOR_DEFINITIONS = (
					"DEBUG=1",
					"$(inherited)",
				);
				GCC_WARN_64_TO_32_BIT_CONVERSION = YES;
				GCC_WARN_ABOUT_RETURN_TYPE = YES_ERROR;
				GCC_WARN_UNDECLARED_SELECTOR = YES;
				GCC_WARN_UNINITIALIZED_AUTOS = YES_AGGRESSIVE;
				GCC_WARN_UNUSED_FUNCTION = YES;
				GCC_WARN_UNUSED_VARIABLE = YES;
				IPHONEOS_DEPLOYMENT_TARGET = 16.4;
				MTL_ENABLE_DEBUG_INFO = INCLUDE_SOURCE;
				MTL_FAST_MATH = YES;
				ONLY_ACTIVE_ARCH = YES;
				SDKROOT = iphoneos;
				SWIFT_ACTIVE_COMPILATION_CONDITIONS = DEBUG;
				SWIFT_OPTIMIZATION_LEVEL = "-Onone";
			};
			name = Debug;
		};
		CF1038FD2A99EF3C004E4A91 /* Release */ = {
			isa = XCBuildConfiguration;
			baseConfigurationReference = CF1039292A99FF3E004E4A91 /* Config.xcconfig */;
			buildSettings = {
				ALWAYS_SEARCH_USER_PATHS = NO;
				CLANG_ANALYZER_LOCALIZABILITY_NONLOCALIZED = YES;
				CLANG_ANALYZER_NONNULL = YES;
				CLANG_ANALYZER_NUMBER_OBJECT_CONVERSION = YES_AGGRESSIVE;
				CLANG_CXX_LANGUAGE_STANDARD = "gnu++20";
				CLANG_ENABLE_MODULES = YES;
				CLANG_ENABLE_OBJC_ARC = YES;
				CLANG_ENABLE_OBJC_WEAK = YES;
				CLANG_WARN_BLOCK_CAPTURE_AUTORELEASING = YES;
				CLANG_WARN_BOOL_CONVERSION = YES;
				CLANG_WARN_COMMA = YES;
				CLANG_WARN_CONSTANT_CONVERSION = YES;
				CLANG_WARN_DEPRECATED_OBJC_IMPLEMENTATIONS = YES;
				CLANG_WARN_DIRECT_OBJC_ISA_USAGE = YES_ERROR;
				CLANG_WARN_DOCUMENTATION_COMMENTS = YES;
				CLANG_WARN_EMPTY_BODY = YES;
				CLANG_WARN_ENUM_CONVERSION = YES;
				CLANG_WARN_INFINITE_RECURSION = YES;
				CLANG_WARN_INT_CONVERSION = YES;
				CLANG_WARN_NON_LITERAL_NULL_CONVERSION = YES;
				CLANG_WARN_OBJC_IMPLICIT_RETAIN_SELF = YES;
				CLANG_WARN_OBJC_LITERAL_CONVERSION = YES;
				CLANG_WARN_OBJC_ROOT_CLASS = YES_ERROR;
				CLANG_WARN_QUOTED_INCLUDE_IN_FRAMEWORK_HEADER = YES;
				CLANG_WARN_RANGE_LOOP_ANALYSIS = YES;
				CLANG_WARN_STRICT_PROTOTYPES = YES;
				CLANG_WARN_SUSPICIOUS_MOVE = YES;
				CLANG_WARN_UNGUARDED_AVAILABILITY = YES_AGGRESSIVE;
				CLANG_WARN_UNREACHABLE_CODE = YES;
				CLANG_WARN__DUPLICATE_METHOD_MATCH = YES;
				COPY_PHASE_STRIP = NO;
				DEBUG_INFORMATION_FORMAT = "dwarf-with-dsym";
				ENABLE_NS_ASSERTIONS = NO;
				ENABLE_STRICT_OBJC_MSGSEND = YES;
				GCC_C_LANGUAGE_STANDARD = gnu11;
				GCC_NO_COMMON_BLOCKS = YES;
				GCC_WARN_64_TO_32_BIT_CONVERSION = YES;
				GCC_WARN_ABOUT_RETURN_TYPE = YES_ERROR;
				GCC_WARN_UNDECLARED_SELECTOR = YES;
				GCC_WARN_UNINITIALIZED_AUTOS = YES_AGGRESSIVE;
				GCC_WARN_UNUSED_FUNCTION = YES;
				GCC_WARN_UNUSED_VARIABLE = YES;
				IPHONEOS_DEPLOYMENT_TARGET = 16.4;
				MTL_ENABLE_DEBUG_INFO = NO;
				MTL_FAST_MATH = YES;
				SDKROOT = iphoneos;
				SWIFT_COMPILATION_MODE = wholemodule;
				SWIFT_OPTIMIZATION_LEVEL = "-O";
				VALIDATE_PRODUCT = YES;
			};
			name = Release;
		};
		CF1038FF2A99EF3C004E4A91 /* Debug */ = {
			isa = XCBuildConfiguration;
			baseConfigurationReference = CF1039292A99FF3E004E4A91 /* Config.xcconfig */;
			buildSettings = {
				ASSETCATALOG_COMPILER_APPICON_NAME = AppIcon;
				ASSETCATALOG_COMPILER_GLOBAL_ACCENT_COLOR_NAME = AccentColor;
				CODE_SIGN_STYLE = Automatic;
				CURRENT_PROJECT_VERSION = 1;
				DEVELOPMENT_TEAM = L7KZPDRX49;
				GENERATE_INFOPLIST_FILE = YES;
				INFOPLIST_FILE = Zeus/Info.plist;
				INFOPLIST_KEY_UIApplicationSupportsIndirectInputEvents = YES;
				INFOPLIST_KEY_UILaunchStoryboardName = LaunchScreen;
				INFOPLIST_KEY_UISupportedInterfaceOrientations_iPad = "UIInterfaceOrientationPortrait UIInterfaceOrientationPortraitUpsideDown UIInterfaceOrientationLandscapeLeft UIInterfaceOrientationLandscapeRight";
				INFOPLIST_KEY_UISupportedInterfaceOrientations_iPhone = "UIInterfaceOrientationPortrait UIInterfaceOrientationLandscapeLeft UIInterfaceOrientationLandscapeRight";
				LD_RUNPATH_SEARCH_PATHS = (
					"$(inherited)",
					"@executable_path/Frameworks",
				);
				MARKETING_VERSION = 1.0;
				PRODUCT_BUNDLE_IDENTIFIER = pmatar.Zeus;
				PRODUCT_NAME = "$(TARGET_NAME)";
				SWIFT_EMIT_LOC_STRINGS = YES;
				SWIFT_VERSION = 5.0;
				TARGETED_DEVICE_FAMILY = "1,2";
			};
			name = Debug;
		};
		CF1039002A99EF3C004E4A91 /* Release */ = {
			isa = XCBuildConfiguration;
			baseConfigurationReference = CF1039292A99FF3E004E4A91 /* Config.xcconfig */;
			buildSettings = {
				ASSETCATALOG_COMPILER_APPICON_NAME = AppIcon;
				ASSETCATALOG_COMPILER_GLOBAL_ACCENT_COLOR_NAME = AccentColor;
				CODE_SIGN_STYLE = Automatic;
				CURRENT_PROJECT_VERSION = 1;
				DEVELOPMENT_TEAM = L7KZPDRX49;
				GENERATE_INFOPLIST_FILE = YES;
				INFOPLIST_FILE = Zeus/Info.plist;
				INFOPLIST_KEY_UIApplicationSupportsIndirectInputEvents = YES;
				INFOPLIST_KEY_UILaunchStoryboardName = LaunchScreen;
				INFOPLIST_KEY_UISupportedInterfaceOrientations_iPad = "UIInterfaceOrientationPortrait UIInterfaceOrientationPortraitUpsideDown UIInterfaceOrientationLandscapeLeft UIInterfaceOrientationLandscapeRight";
				INFOPLIST_KEY_UISupportedInterfaceOrientations_iPhone = "UIInterfaceOrientationPortrait UIInterfaceOrientationLandscapeLeft UIInterfaceOrientationLandscapeRight";
				LD_RUNPATH_SEARCH_PATHS = (
					"$(inherited)",
					"@executable_path/Frameworks",
				);
				MARKETING_VERSION = 1.0;
				PRODUCT_BUNDLE_IDENTIFIER = pmatar.Zeus;
				PRODUCT_NAME = "$(TARGET_NAME)";
				SWIFT_EMIT_LOC_STRINGS = YES;
				SWIFT_VERSION = 5.0;
				TARGETED_DEVICE_FAMILY = "1,2";
			};
			name = Release;
		};
/* End XCBuildConfiguration section */

/* Begin XCConfigurationList section */
		CF1038E22A99EF3A004E4A91 /* Build configuration list for PBXProject "Zeus" */ = {
			isa = XCConfigurationList;
			buildConfigurations = (
				CF1038FC2A99EF3C004E4A91 /* Debug */,
				CF1038FD2A99EF3C004E4A91 /* Release */,
			);
			defaultConfigurationIsVisible = 0;
			defaultConfigurationName = Release;
		};
		CF1038FE2A99EF3C004E4A91 /* Build configuration list for PBXNativeTarget "Zeus" */ = {
			isa = XCConfigurationList;
			buildConfigurations = (
				CF1038FF2A99EF3C004E4A91 /* Debug */,
				CF1039002A99EF3C004E4A91 /* Release */,
			);
			defaultConfigurationIsVisible = 0;
			defaultConfigurationName = Release;
		};
/* End XCConfigurationList section */

/* Begin XCRemoteSwiftPackageReference section */
		CF1039062A99FAEC004E4A91 /* XCRemoteSwiftPackageReference "lottie-spm" */ = {
			isa = XCRemoteSwiftPackageReference;
			repositoryURL = "https://github.com/airbnb/lottie-spm.git";
			requirement = {
				kind = upToNextMajorVersion;
				minimumVersion = 4.0.0;
			};
		};
		CF85A0772A9C00CD00D9D73B /* XCRemoteSwiftPackageReference "realm-swift" */ = {
			isa = XCRemoteSwiftPackageReference;
			repositoryURL = "https://github.com/realm/realm-swift.git";
			requirement = {
				kind = upToNextMajorVersion;
				minimumVersion = 10.42.0;
			};
		};
/* End XCRemoteSwiftPackageReference section */

/* Begin XCSwiftPackageProductDependency section */
		CFBB007E2A9C32880085540E /* Forecast */ = {
			isa = XCSwiftPackageProductDependency;
			productName = Forecast;
		};
/* End XCSwiftPackageProductDependency section */
	};
	rootObject = CF1038DF2A99EF3A004E4A91 /* Project object */;
}
